uuid: 034404db-a7b6-4c8e-ba73-a872a8ce4269
langcode: fr
status: true
dependencies:
  module:
    - ddo_mapado
  theme:
    - ddo
id: mapado_sync_block
theme: ddo
region: header
weight: 0
provider: null
plugin: mapado_sync_block
settings:
  id: mapado_sync_block
  label: 'Mapado synchronization block'
  label_display: '0'
  provider: ddo_mapado
visibility: {  }
