uuid: c5844018-9f85-48b0-a970-b244f3f5e894
langcode: fr
status: true
dependencies:
  module:
    - ddo_mapado
  theme:
    - ddo
id: mapado_sync_block
theme: ddo
region: header
weight: 0
provider: null
plugin: mapado_sync_block
settings:
  id: mapado_sync_block
  label: 'Mapado synchronization block'
  label_display: '0'
  provider: ddo_mapado
visibility: {  }
