uuid: 7e02ef56-bb30-4ac8-a27e-99d79b0fb43d
langcode: fr
status: true
dependencies:
  config:
    - core.entity_view_mode.node.front_block
    - field.field.node.show.body
    - field.field.node.show.field_additional_info
    - field.field.node.show.field_by
    - field.field.node.show.field_casting
    - field.field.node.show.field_casting_link
    - field.field.node.show.field_coming_soon
    - field.field.node.show.field_coproduction
    - field.field.node.show.field_currently
    - field.field.node.show.field_dates
    - field.field.node.show.field_display_age
    - field.field.node.show.field_duration
    - field.field.node.show.field_entrance
    - field.field.node.show.field_festival
    - field.field.node.show.field_from
    - field.field.node.show.field_full
    - field.field.node.show.field_galeries
    - field.field.node.show.field_galleries_link
    - field.field.node.show.field_generic_location
    - field.field.node.show.field_location
    - field.field.node.show.field_mapado_apislug
    - field.field.node.show.field_mapado_dates_ids
    - field.field.node.show.field_mapado_ticketing
    - field.field.node.show.field_media_image
    - field.field.node.show.field_media_thumbnail
    - field.field.node.show.field_minimum_age
    - field.field.node.show.field_offline
    - field.field.node.show.field_partnerships
    - field.field.node.show.field_price
    - field.field.node.show.field_production
    - field.field.node.show.field_proposed_by
    - field.field.node.show.field_reimbursement
    - field.field.node.show.field_reservation
    - field.field.node.show.field_restauration
    - field.field.node.show.field_show_type
    - field.field.node.show.field_shows
    - field.field.node.show.field_sounds
    - field.field.node.show.field_sounds_link
    - field.field.node.show.field_subtitle
    - field.field.node.show.field_ticketing_url
    - field.field.node.show.field_top_link
    - field.field.node.show.field_videos
    - field.field.node.show.field_videos_link
    - node.type.show
  module:
    - datetime
    - ds
    - options
    - user
third_party_settings:
  ds:
    layout:
      id: ds_1col
      library: null
      disable_css: false
      entity_classes: all_classes
      settings:
        wrappers:
          ds_content: div
        label: ''
    regions:
      ds_content:
        - field_festival
        - node_title
        - field_dates
        - field_media_thumbnail
        - field_reservation
    fields:
      node_title:
        plugin_id: node_title
        weight: 1
        label: hidden
        formatter: default
id: node.show.front_block
targetEntityType: node
bundle: show
mode: front_block
content:
  field_dates:
    type: datetime_default
    label: hidden
    settings:
      timezone_override: ''
      format_type: show_date
    third_party_settings:
      ds:
        ds_limit: ''
    weight: 2
    region: ds_content
  field_festival:
    type: entity_reference_label
    label: hidden
    settings:
      link: true
    third_party_settings: {  }
    weight: 0
    region: ds_content
  field_media_thumbnail:
    type: entity_reference_entity_view
    label: hidden
    settings:
      view_mode: node_content
      link: false
    third_party_settings: {  }
    weight: 3
    region: ds_content
  field_reservation:
    type: list_default
    label: hidden
    settings: {  }
    third_party_settings: {  }
    weight: 4
    region: ds_content
hidden:
  body: true
  field_additional_info: true
  field_by: true
  field_casting: true
  field_casting_link: true
  field_coming_soon: true
  field_coproduction: true
  field_currently: true
  field_display_age: true
  field_duration: true
  field_entrance: true
  field_from: true
  field_full: true
  field_galeries: true
  field_galleries_link: true
  field_generic_location: true
  field_location: true
  field_mapado_apislug: true
  field_mapado_dates_ids: true
  field_mapado_ticketing: true
  field_media_image: true
  field_minimum_age: true
  field_offline: true
  field_partnerships: true
  field_price: true
  field_production: true
  field_proposed_by: true
  field_reimbursement: true
  field_restauration: true
  field_show_type: true
  field_shows: true
  field_sounds: true
  field_sounds_link: true
  field_subtitle: true
  field_ticketing_url: true
  field_top_link: true
  field_videos: true
  field_videos_link: true
  langcode: true
  links: true
  mapado_url: true
  sharethis: true
